// !$*UTF8*$!
{
	archiveVersion = 1;
	classes = {
	};
	objectVersion = 46;
	objects = {

/* Begin PBXBuildFile section */
		FCBC96861EB2F35D00575731 /* AppDelegate.swift in Sources */ = {isa = PBXBuildFile; fileRef = FCBC96851EB2F35D00575731 /* AppDelegate.swift */; };
		FCBC96881EB2F35D00575731 /* ViewController.swift in Sources */ = {isa = PBXBuildFile; fileRef = FCBC96871EB2F35D00575731 /* ViewController.swift */; };
		FCBC968A1EB2F35E00575731 /* Assets.xcassets in Resources */ = {isa = PBXBuildFile; fileRef = FCBC96891EB2F35E00575731 /* Assets.xcassets */; };
		FCBC968D1EB2F35E00575731 /* Main.storyboard in Resources */ = {isa = PBXBuildFile; fileRef = FCBC968B1EB2F35E00575731 /* Main.storyboard */; };
/* End PBXBuildFile section */

/* Begin PBXFileReference section */
		FCBC96821EB2F35D00575731 /* Network Color Picker.app */ = {isa = PBXFileReference; explicitFileType = wrapper.application; includeInIndex = 0; path = "Network Color Picker.app"; sourceTree = BUILT_PRODUCTS_DIR; };
		FCBC96851EB2F35D00575731 /* AppDelegate.swift */ = {isa = PBXFileReference; lastKnownFileType = sourcecode.swift; path = AppDelegate.swift; sourceTree = "<group>"; };
		FCBC96871EB2F35D00575731 /* ViewController.swift */ = {isa = PBXFileReference; lastKnownFileType = sourcecode.swift; path = ViewController.swift; sourceTree = "<group>"; };
		FCBC96891EB2F35E00575731 /* Assets.xcassets */ = {isa = PBXFileReference; lastKnownFileType = folder.assetcatalog; path = Assets.xcassets; sourceTree = "<group>"; };
		FCBC968C1EB2F35E00575731 /* Base */ = {isa = PBXFileReference; lastKnownFileType = file.storyboard; name = Base; path = Base.lproj/Main.storyboard; sourceTree = "<group>"; };
		FCBC968E1EB2F35E00575731 /* Info.plist */ = {isa = PBXFileReference; lastKnownFileType = text.plist.xml; path = Info.plist; sourceTree = "<group>"; };
/* End PBXFileReference section */

/* Begin PBXFrameworksBuildPhase section */
		FCBC967F1EB2F35D00575731 /* Frameworks */ = {
			isa = PBXFrameworksBuildPhase;
			buildActionMask = 2147483647;
			files = (
			);
			runOnlyForDeploymentPostprocessing = 0;
		};
/* End PBXFrameworksBuildPhase section */

/* Begin PBXGroup section */
		FCBC96791EB2F35D00575731 = {
			isa = PBXGroup;
			children = (
				FCBC96841EB2F35D00575731 /* Network Color Picker */,
				FCBC96831EB2F35D00575731 /* Products */,
			);
			sourceTree = "<group>";
		};
		FCBC96831EB2F35D00575731 /* Products */ = {
			isa = PBXGroup;
			children = (
				FCBC96821EB2F35D00575731 /* Network Color Picker.app */,
			);
			name = Products;
			sourceTree = "<group>";
		};
		FCBC96841EB2F35D00575731 /* Network Color Picker */ = {
			isa = PBXGroup;
			children = (
				FCBC96851EB2F35D00575731 /* AppDelegate.swift */,
				FCBC96871EB2F35D00575731 /* ViewController.swift */,
				FCBC96891EB2F35E00575731 /* Assets.xcassets */,
				FCBC968B1EB2F35E00575731 /* Main.storyboard */,
				FCBC968E1EB2F35E00575731 /* Info.plist */,
			);
			path = "Network Color Picker";
			sourceTree = "<group>";
		};
/* End PBXGroup section */

/* Begin PBXNativeTarget section */
		FCBC96811EB2F35D00575731 /* Network Color Picker */ = {
			isa = PBXNativeTarget;
			buildConfigurationList = FCBC96911EB2F35E00575731 /* Build configuration list for PBXNativeTarget "Network Color Picker" */;
			buildPhases = (
				FCBC967E1EB2F35D00575731 /* Sources */,
				FCBC967F1EB2F35D00575731 /* Frameworks */,
				FCBC96801EB2F35D00575731 /* Resources */,
			);
			buildRules = (
			);
			dependencies = (
			);
			name = "Network Color Picker";
			productName = "Network Color Picker";
			productReference = FCBC96821EB2F35D00575731 /* Network Color Picker.app */;
			productType = "com.apple.product-type.application";
		};
/* End PBXNativeTarget section */

/* Begin PBXProject section */
		FCBC967A1EB2F35D00575731 /* Project object */ = {
			isa = PBXProject;
			attributes = {
				LastSwiftUpdateCheck = 0830;
				LastUpgradeCheck = 0830;
				ORGANIZATIONNAME = "Jon Colverson";
				TargetAttributes = {
					FCBC96811EB2F35D00575731 = {
						CreatedOnToolsVersion = 8.3.2;
						DevelopmentTeam = HM2488TH6E;
						ProvisioningStyle = Automatic;
					};
				};
			};
			buildConfigurationList = FCBC967D1EB2F35D00575731 /* Build configuration list for PBXProject "Network Color Picker" */;
			compatibilityVersion = "Xcode 3.2";
			developmentRegion = English;
			hasScannedForEncodings = 0;
			knownRegions = (
				en,
				Base,
			);
			mainGroup = FCBC96791EB2F35D00575731;
			productRefGroup = FCBC96831EB2F35D00575731 /* Products */;
			projectDirPath = "";
			projectRoot = "";
			targets = (
				FCBC96811EB2F35D00575731 /* Network Color Picker */,
			);
		};
/* End PBXProject section */

/* Begin PBXResourcesBuildPhase section */
		FCBC96801EB2F35D00575731 /* Resources */ = {
			isa = PBXResourcesBuildPhase;
			buildActionMask = 2147483647;
			files = (
				FCBC968A1EB2F35E00575731 /* Assets.xcassets in Resources */,
				FCBC968D1EB2F35E00575731 /* Main.storyboard in Resources */,
			);
			runOnlyForDeploymentPostprocessing = 0;
		};
/* End PBXResourcesBuildPhase section */

/* Begin PBXSourcesBuildPhase section */
		FCBC967E1EB2F35D00575731 /* Sources */ = {
			isa = PBXSourcesBuildPhase;
			buildActionMask = 2147483647;
			files = (
				FCBC96881EB2F35D00575731 /* ViewController.swift in Sources */,
				FCBC96861EB2F35D00575731 /* AppDelegate.swift in Sources */,
			);
			runOnlyForDeploymentPostprocessing = 0;
		};
/* End PBXSourcesBuildPhase section */

/* Begin PBXVariantGroup section */
		FCBC968B1EB2F35E00575731 /* Main.storyboard */ = {
			isa = PBXVariantGroup;
			children = (
				FCBC968C1EB2F35E00575731 /* Base */,
			);
			name = Main.storyboard;
			sourceTree = "<group>";
		};
/* End PBXVariantGroup section */

/* Begin XCBuildConfiguration section */
		FCBC968F1EB2F35E00575731 /* Debug */ = {
			isa = XCBuildConfiguration;
			buildSettings = {
				ALWAYS_SEARCH_USER_PATHS = NO;
				CLANG_ANALYZER_NONNULL = YES;
				CLANG_ANALYZER_NUMBER_OBJECT_CONVERSION = YES_AGGRESSIVE;
				CLANG_CXX_LANGUAGE_STANDARD = "gnu++0x";
				CLANG_CXX_LIBRARY = "libc++";
				CLANG_ENABLE_MODULES = YES;
				CLANG_ENABLE_OBJC_ARC = YES;
				CLANG_WARN_BOOL_CONVERSION = YES;
				CLANG_WARN_CONSTANT_CONVERSION = YES;
				CLANG_WARN_DIRECT_OBJC_ISA_USAGE = YES_ERROR;
				CLANG_WARN_DOCUMENTATION_COMMENTS = YES;
				CLANG_WARN_EMPTY_BODY = YES;
				CLANG_WARN_ENUM_CONVERSION = YES;
				CLANG_WARN_INFINITE_RECURSION = YES;
				CLANG_WARN_INT_CONVERSION = YES;
				CLANG_WARN_OBJC_ROOT_CLASS = YES_ERROR;
				CLANG_WARN_SUSPICIOUS_MOVE = YES;
				CLANG_WARN_UNREACHABLE_CODE = YES;
				CLANG_WARN__DUPLICATE_METHOD_MATCH = YES;
				CODE_SIGN_IDENTITY = "-";
				COPY_PHASE_STRIP = NO;
				DEBUG_INFORMATION_FORMAT = dwarf;
				ENABLE_STRICT_OBJC_MSGSEND = YES;
				ENABLE_TESTABILITY = YES;
				GCC_C_LANGUAGE_STANDARD = gnu99;
				GCC_DYNAMIC_NO_PIC = NO;
				GCC_NO_COMMON_BLOCKS = YES;
				GCC_OPTIMIZATION_LEVEL = 0;
				GCC_PREPROCESSOR_DEFINITIONS = (
					"DEBUG=1",
					"$(inherited)",
				);
				GCC_WARN_64_TO_32_BIT_CONVERSION = YES;
				GCC_WARN_ABOUT_RETURN_TYPE = YES_ERROR;
				GCC_WARN_UNDECLARED_SELECTOR = YES;
				GCC_WARN_UNINITIALIZED_AUTOS = YES_AGGRESSIVE;
				GCC_WARN_UNUSED_FUNCTION = YES;
				GCC_WARN_UNUSED_VARIABLE = YES;
				MACOSX_DEPLOYMENT_TARGET = 10.12;
				MTL_ENABLE_DEBUG_INFO = YES;
				ONLY_ACTIVE_ARCH = YES;
				SDKROOT = macosx;
				SWIFT_ACTIVE_COMPILATION_CONDITIONS = DEBUG;
				SWIFT_OPTIMIZATION_LEVEL = "-Onone";
			};
			name = Debug;
		};
		FCBC96901EB2F35E00575731 /* Release */ = {
			isa = XCBuildConfiguration;
			buildSettings = {
				ALWAYS_SEARCH_USER_PATHS = NO;
				CLANG_ANALYZER_NONNULL = YES;
				CLANG_ANALYZER_NUMBER_OBJECT_CONVERSION = YES_AGGRESSIVE;
				CLANG_CXX_LANGUAGE_STANDARD = "gnu++0x";
				CLANG_CXX_LIBRARY = "libc++";
				CLANG_ENABLE_MODULES = YES;
				CLANG_ENABLE_OBJC_ARC = YES;
				CLANG_WARN_BOOL_CONVERSION = YES;
				CLANG_WARN_CONSTANT_CONVERSION = YES;
				CLANG_WARN_DIRECT_OBJC_ISA_USAGE = YES_ERROR;
				CLANG_WARN_DOCUMENTATION_COMMENTS = YES;
				CLANG_WARN_EMPTY_BODY = YES;
				CLANG_WARN_ENUM_CONVERSION = YES;
				CLANG_WARN_INFINITE_RECURSION = YES;
				CLANG_WARN_INT_CONVERSION = YES;
				CLANG_WARN_OBJC_ROOT_CLASS = YES_ERROR;
				CLANG_WARN_SUSPICIOUS_MOVE = YES;
				CLANG_WARN_UNREACHABLE_CODE = YES;
				CLANG_WARN__DUPLICATE_METHOD_MATCH = YES;
				CODE_SIGN_IDENTITY = "-";
				COPY_PHASE_STRIP = NO;
				DEBUG_INFORMATION_FORMAT = "dwarf-with-dsym";
				ENABLE_NS_ASSERTIONS = NO;
				ENABLE_STRICT_OBJC_MSGSEND = YES;
				GCC_C_LANGUAGE_STANDARD = gnu99;
				GCC_NO_COMMON_BLOCKS = YES;
				GCC_WARN_64_TO_32_BIT_CONVERSION = YES;
				GCC_WARN_ABOUT_RETURN_TYPE = YES_ERROR;
				GCC_WARN_UNDECLARED_SELECTOR = YES;
				GCC_WARN_UNINITIALIZED_AUTOS = YES_AGGRESSIVE;
				GCC_WARN_UNUSED_FUNCTION = YES;
				GCC_WARN_UNUSED_VARIABLE = YES;
				MACOSX_DEPLOYMENT_TARGET = 10.12;
				MTL_ENABLE_DEBUG_INFO = NO;
				SDKROOT = macosx;
				SWIFT_OPTIMIZATION_LEVEL = "-Owholemodule";
			};
			name = Release;
		};
		FCBC96921EB2F35E00575731 /* Debug */ = {
			isa = XCBuildConfiguration;
			buildSettings = {
				ASSETCATALOG_COMPILER_APPICON_NAME = AppIcon;
				COMBINE_HIDPI_IMAGES = YES;
				DEVELOPMENT_TEAM = HM2488TH6E;
				INFOPLIST_FILE = "Network Color Picker/Info.plist";
				LD_RUNPATH_SEARCH_PATHS = "$(inherited) @executable_path/../Frameworks";
				PRODUCT_BUNDLE_IDENTIFIER = "net.jjc1138.Network-Color-Picker";
				PRODUCT_NAME = "$(TARGET_NAME)";
				SWIFT_VERSION = 3.0;
			};
			name = Debug;
		};
		FCBC96931EB2F35E00575731 /* Release */ = {
			isa = XCBuildConfiguration;
			buildSettings = {
				ASSETCATALOG_COMPILER_APPICON_NAME = AppIcon;
				COMBINE_HIDPI_IMAGES = YES;
				DEVELOPMENT_TEAM = HM2488TH6E;
				INFOPLIST_FILE = "Network Color Picker/Info.plist";
				LD_RUNPATH_SEARCH_PATHS = "$(inherited) @executable_path/../Frameworks";
				PRODUCT_BUNDLE_IDENTIFIER = "net.jjc1138.Network-Color-Picker";
				PRODUCT_NAME = "$(TARGET_NAME)";
				SWIFT_VERSION = 3.0;
			};
			name = Release;
		};
/* End XCBuildConfiguration section */

/* Begin XCConfigurationList section */
		FCBC967D1EB2F35D00575731 /* Build configuration list for PBXProject "Network Color Picker" */ = {
			isa = XCConfigurationList;
			buildConfigurations = (
				FCBC968F1EB2F35E00575731 /* Debug */,
				FCBC96901EB2F35E00575731 /* Release */,
			);
			defaultConfigurationIsVisible = 0;
			defaultConfigurationName = Release;
		};
		FCBC96911EB2F35E00575731 /* Build configuration list for PBXNativeTarget "Network Color Picker" */ = {
			isa = XCConfigurationList;
			buildConfigurations = (
				FCBC96921EB2F35E00575731 /* Debug */,
				FCBC96931EB2F35E00575731 /* Release */,
			);
			defaultConfigurationIsVisible = 0;
		};
/* End XCConfigurationList section */
	};
	rootObject = FCBC967A1EB2F35D00575731 /* Project object */;
}
